
Microsoft Visual Studio Solution File, Format Version 12.00
# Visual Studio Version 17
VisualStudioVersion = 17.0.31903.59
MinimumVisualStudioVersion = 10.0.40219.1
Project("{FAE04EC0-301F-11D3-BF4B-00C04F79EFBC}") = "MeetingLive.App", "MeetingLive.App\MeetingLive.App.csproj", "{C03FE5FF-1D75-4B42-B5CE-89508FB03E5C}"
EndProject
Project("{FAE04EC0-301F-11D3-BF4B-00C04F79EFBC}") = "MeetingLive.Core", "MeetingLive.Core\MeetingLive.Core.csproj", "{EF966C9C-9638-4215-93DB-40175E060C50}"
EndProject
Project("{FAE04EC0-301F-11D3-BF4B-00C04F79EFBC}") = "MeetingLive.Core.Tests", "MeetingLive.Core.Tests\MeetingLive.Core.Tests.csproj", "{2E9963B8-DD9C-4625-8C85-B152F5E11F8E}"
EndProject
Global
	GlobalSection(SolutionConfigurationPlatforms) = preSolution
		Debug|Any CPU = Debug|Any CPU
		Release|Any CPU = Release|Any CPU
	EndGlobalSection
	GlobalSection(SolutionProperties) = preSolution
		HideSolutionNode = FALSE
	EndGlobalSection
	GlobalSection(ProjectConfigurationPlatforms) = postSolution
		{C03FE5FF-1D75-4B42-B5CE-89508FB03E5C}.Debug|Any CPU.ActiveCfg = Debug|x86
		{C03FE5FF-1D75-4B42-B5CE-89508FB03E5C}.Debug|Any CPU.Build.0 = Debug|x86
		{C03FE5FF-1D75-4B42-B5CE-89508FB03E5C}.Release|Any CPU.ActiveCfg = Release|x86
		{C03FE5FF-1D75-4B42-B5CE-89508FB03E5C}.Release|Any CPU.Build.0 = Release|x86
		{EF966C9C-9638-4215-93DB-40175E060C50}.Debug|Any CPU.ActiveCfg = Debug|Any CPU
		{EF966C9C-9638-4215-93DB-40175E060C50}.Debug|Any CPU.Build.0 = Debug|Any CPU
		{EF966C9C-9638-4215-93DB-40175E060C50}.Release|Any CPU.ActiveCfg = Release|Any CPU
		{EF966C9C-9638-4215-93DB-40175E060C50}.Release|Any CPU.Build.0 = Release|Any CPU
		{2E9963B8-DD9C-4625-8C85-B152F5E11F8E}.Debug|Any CPU.ActiveCfg = Debug|Any CPU
		{2E9963B8-DD9C-4625-8C85-B152F5E11F8E}.Debug|Any CPU.Build.0 = Debug|Any CPU
		{2E9963B8-DD9C-4625-8C85-B152F5E11F8E}.Release|Any CPU.ActiveCfg = Release|Any CPU
		{2E9963B8-DD9C-4625-8C85-B152F5E11F8E}.Release|Any CPU.Build.0 = Release|Any CPU
	EndGlobalSection
EndGlobal
